
Microsoft Visual Studio Solution File, Format Version 12.00
# Visual Studio 14
VisualStudioVersion = 14.0.23107.0
MinimumVisualStudioVersion = 10.0.40219.1
Project("{8BC9CEB8-8B4A-11D0-8D11-00A0C91BC942}") = "adjacent_difference", "adjacent_difference\adjacent_difference.vcxproj", "{1BC8FA5C-6603-4916-BE52-9A4668F69A02}"
EndProject
Project("{8BC9CEB8-8B4A-11D0-8D11-00A0C91BC942}") = "accumulate", "accumulate\accumulate.vcxproj", "{C736A041-F705-45F8-9052-8F734E9E87E8}"
EndProject
Project("{8BC9CEB8-8B4A-11D0-8D11-00A0C91BC942}") = "inner_product", "inner_product\inner_product.vcxproj", "{631623AF-B42D-4635-A81C-95ABA311DAEF}"
EndProject
Project("{8BC9CEB8-8B4A-11D0-8D11-00A0C91BC942}") = "partial_sum", "partial_sum\partial_sum.vcxproj", "{F31BA0CA-41D4-42DA-A3CD-ED2CF504CD1C}"
EndProject
Project("{8BC9CEB8-8B4A-11D0-8D11-00A0C91BC942}") = "algobase", "algobase\algobase.vcxproj", "{05B738C9-D295-4F0E-A509-659717EDBA0A}"
EndProject
Project("{8BC9CEB8-8B4A-11D0-8D11-00A0C91BC942}") = "copy", "copy\copy.vcxproj", "{4E8D6AEC-BE07-4564-8565-16AE1BD0E730}"
EndProject
Global
	GlobalSection(SolutionConfigurationPlatforms) = preSolution
		Debug|x64 = Debug|x64
		Debug|x86 = Debug|x86
		Release|x64 = Release|x64
		Release|x86 = Release|x86
	EndGlobalSection
	GlobalSection(ProjectConfigurationPlatforms) = postSolution
		{1BC8FA5C-6603-4916-BE52-9A4668F69A02}.Debug|x64.ActiveCfg = Debug|x64
		{1BC8FA5C-6603-4916-BE52-9A4668F69A02}.Debug|x64.Build.0 = Debug|x64
		{1BC8FA5C-6603-4916-BE52-9A4668F69A02}.Debug|x86.ActiveCfg = Debug|Win32
		{1BC8FA5C-6603-4916-BE52-9A4668F69A02}.Debug|x86.Build.0 = Debug|Win32
		{1BC8FA5C-6603-4916-BE52-9A4668F69A02}.Release|x64.ActiveCfg = Release|x64
		{1BC8FA5C-6603-4916-BE52-9A4668F69A02}.Release|x64.Build.0 = Release|x64
		{1BC8FA5C-6603-4916-BE52-9A4668F69A02}.Release|x86.ActiveCfg = Release|Win32
		{1BC8FA5C-6603-4916-BE52-9A4668F69A02}.Release|x86.Build.0 = Release|Win32
		{C736A041-F705-45F8-9052-8F734E9E87E8}.Debug|x64.ActiveCfg = Debug|x64
		{C736A041-F705-45F8-9052-8F734E9E87E8}.Debug|x64.Build.0 = Debug|x64
		{C736A041-F705-45F8-9052-8F734E9E87E8}.Debug|x86.ActiveCfg = Debug|Win32
		{C736A041-F705-45F8-9052-8F734E9E87E8}.Debug|x86.Build.0 = Debug|Win32
		{C736A041-F705-45F8-9052-8F734E9E87E8}.Release|x64.ActiveCfg = Release|x64
		{C736A041-F705-45F8-9052-8F734E9E87E8}.Release|x64.Build.0 = Release|x64
		{C736A041-F705-45F8-9052-8F734E9E87E8}.Release|x86.ActiveCfg = Release|Win32
		{C736A041-F705-45F8-9052-8F734E9E87E8}.Release|x86.Build.0 = Release|Win32
		{631623AF-B42D-4635-A81C-95ABA311DAEF}.Debug|x64.ActiveCfg = Debug|x64
		{631623AF-B42D-4635-A81C-95ABA311DAEF}.Debug|x64.Build.0 = Debug|x64
		{631623AF-B42D-4635-A81C-95ABA311DAEF}.Debug|x86.ActiveCfg = Debug|Win32
		{631623AF-B42D-4635-A81C-95ABA311DAEF}.Debug|x86.Build.0 = Debug|Win32
		{631623AF-B42D-4635-A81C-95ABA311DAEF}.Release|x64.ActiveCfg = Release|x64
		{631623AF-B42D-4635-A81C-95ABA311DAEF}.Release|x64.Build.0 = Release|x64
		{631623AF-B42D-4635-A81C-95ABA311DAEF}.Release|x86.ActiveCfg = Release|Win32
		{631623AF-B42D-4635-A81C-95ABA311DAEF}.Release|x86.Build.0 = Release|Win32
		{F31BA0CA-41D4-42DA-A3CD-ED2CF504CD1C}.Debug|x64.ActiveCfg = Debug|x64
		{F31BA0CA-41D4-42DA-A3CD-ED2CF504CD1C}.Debug|x64.Build.0 = Debug|x64
		{F31BA0CA-41D4-42DA-A3CD-ED2CF504CD1C}.Debug|x86.ActiveCfg = Debug|Win32
		{F31BA0CA-41D4-42DA-A3CD-ED2CF504CD1C}.Debug|x86.Build.0 = Debug|Win32
		{F31BA0CA-41D4-42DA-A3CD-ED2CF504CD1C}.Release|x64.ActiveCfg = Release|x64
		{F31BA0CA-41D4-42DA-A3CD-ED2CF504CD1C}.Release|x64.Build.0 = Release|x64
		{F31BA0CA-41D4-42DA-A3CD-ED2CF504CD1C}.Release|x86.ActiveCfg = Release|Win32
		{F31BA0CA-41D4-42DA-A3CD-ED2CF504CD1C}.Release|x86.Build.0 = Release|Win32
		{05B738C9-D295-4F0E-A509-659717EDBA0A}.Debug|x64.ActiveCfg = Debug|x64
		{05B738C9-D295-4F0E-A509-659717EDBA0A}.Debug|x64.Build.0 = Debug|x64
		{05B738C9-D295-4F0E-A509-659717EDBA0A}.Debug|x86.ActiveCfg = Debug|Win32
		{05B738C9-D295-4F0E-A509-659717EDBA0A}.Debug|x86.Build.0 = Debug|Win32
		{05B738C9-D295-4F0E-A509-659717EDBA0A}.Release|x64.ActiveCfg = Release|x64
		{05B738C9-D295-4F0E-A509-659717EDBA0A}.Release|x64.Build.0 = Release|x64
		{05B738C9-D295-4F0E-A509-659717EDBA0A}.Release|x86.ActiveCfg = Release|Win32
		{05B738C9-D295-4F0E-A509-659717EDBA0A}.Release|x86.Build.0 = Release|Win32
		{4E8D6AEC-BE07-4564-8565-16AE1BD0E730}.Debug|x64.ActiveCfg = Debug|x64
		{4E8D6AEC-BE07-4564-8565-16AE1BD0E730}.Debug|x64.Build.0 = Debug|x64
		{4E8D6AEC-BE07-4564-8565-16AE1BD0E730}.Debug|x86.ActiveCfg = Debug|Win32
		{4E8D6AEC-BE07-4564-8565-16AE1BD0E730}.Debug|x86.Build.0 = Debug|Win32
		{4E8D6AEC-BE07-4564-8565-16AE1BD0E730}.Release|x64.ActiveCfg = Release|x64
		{4E8D6AEC-BE07-4564-8565-16AE1BD0E730}.Release|x64.Build.0 = Release|x64
		{4E8D6AEC-BE07-4564-8565-16AE1BD0E730}.Release|x86.ActiveCfg = Release|Win32
		{4E8D6AEC-BE07-4564-8565-16AE1BD0E730}.Release|x86.Build.0 = Release|Win32
	EndGlobalSection
	GlobalSection(SolutionProperties) = preSolution
		HideSolutionNode = FALSE
	EndGlobalSection
EndGlobal
